// !$*UTF8*$!
{
	archiveVersion = 1;
	classes = {
	};
	objectVersion = 51;
	objects = {

/* Begin PBXBuildFile section */
		B36B4FA29263A51412005F5E /* Pods_ArchitectureDesignTests.framework in Frameworks */ = {isa = PBXBuildFile; fileRef = 68A5327C0B6D7A092789B87F /* Pods_ArchitectureDesignTests.framework */; };
		B8758CBB293F9616005BF1DE /* LNAppModuleManger.m in Sources */ = {isa = PBXBuildFile; fileRef = B8758CBA293F9616005BF1DE /* LNAppModuleManger.m */; };
		B8C988C426E0F3E000EA60EC /* UIFont+LNAddition.m in Sources */ = {isa = PBXBuildFile; fileRef = B8C988C326E0F3E000EA60EC /* UIFont+LNAddition.m */; };
		B8C988ED26E1FF5F00EA60EC /* LNMediator.m in Sources */ = {isa = PBXBuildFile; fileRef = B8C988EC26E1FF5F00EA60EC /* LNMediator.m */; };
		B8C989DD26E31FF600EA60EC /* MBProgressHUD.m in Sources */ = {isa = PBXBuildFile; fileRef = B8C989AC26E31FF600EA60EC /* MBProgressHUD.m */; };
		B8C989DE26E31FF600EA60EC /* MBProgressHUD.bundle in Resources */ = {isa = PBXBuildFile; fileRef = B8C989AE26E31FF600EA60EC /* MBProgressHUD.bundle */; };
		B8C989DF26E31FF600EA60EC /* UIView+PYExtension.m in Sources */ = {isa = PBXBuildFile; fileRef = B8C989B126E31FF600EA60EC /* UIView+PYExtension.m */; };
		B8C989E026E31FF600EA60EC /* MBProgressHUD+PYExtension.m in Sources */ = {isa = PBXBuildFile; fileRef = B8C989B426E31FF600EA60EC /* MBProgressHUD+PYExtension.m */; };
		B8C989E126E31FF600EA60EC /* PYProgressView.m in Sources */ = {isa = PBXBuildFile; fileRef = B8C989B626E31FF600EA60EC /* PYProgressView.m */; };
		B8C989E226E31FF600EA60EC /* PYPhotoBrowserConst.m in Sources */ = {isa = PBXBuildFile; fileRef = B8C989B926E31FF600EA60EC /* PYPhotoBrowserConst.m */; };
		B8C989E326E31FF600EA60EC /* PYPhotosViewController.m in Sources */ = {isa = PBXBuildFile; fileRef = B8C989BE26E31FF600EA60EC /* PYPhotosViewController.m */; };
		B8C989E426E31FF600EA60EC /* PYPhotosReaderController.m in Sources */ = {isa = PBXBuildFile; fileRef = B8C989C026E31FF600EA60EC /* PYPhotosReaderController.m */; };
		B8C989E526E31FF600EA60EC /* PYPhotosNavigationController.m in Sources */ = {isa = PBXBuildFile; fileRef = B8C989C126E31FF600EA60EC /* PYPhotosNavigationController.m */; };
		B8C989E626E31FF600EA60EC /* PYPhotosPreviewController.m in Sources */ = {isa = PBXBuildFile; fileRef = B8C989C226E31FF600EA60EC /* PYPhotosPreviewController.m */; };
		B8C989E726E31FF600EA60EC /* PYPhoto.m in Sources */ = {isa = PBXBuildFile; fileRef = B8C989C626E31FF600EA60EC /* PYPhoto.m */; };
		B8C989E826E31FF600EA60EC /* PYPhotosView.m in Sources */ = {isa = PBXBuildFile; fileRef = B8C989C826E31FF600EA60EC /* PYPhotosView.m */; };
		B8C989E926E31FF600EA60EC /* PYPhotoBrowseView.m in Sources */ = {isa = PBXBuildFile; fileRef = B8C989CC26E31FF600EA60EC /* PYPhotoBrowseView.m */; };
		B8C989EA26E31FF600EA60EC /* PYPhotoCell.m in Sources */ = {isa = PBXBuildFile; fileRef = B8C989CE26E31FF600EA60EC /* PYPhotoCell.m */; };
		B8C989EB26E31FF600EA60EC /* PYPhotoView.m in Sources */ = {isa = PBXBuildFile; fileRef = B8C989CF26E31FF600EA60EC /* PYPhotoView.m */; };
		B8C989EC26E31FF600EA60EC /* PYPhotosView.bundle in Resources */ = {isa = PBXBuildFile; fileRef = B8C989D026E31FF600EA60EC /* PYPhotosView.bundle */; };
		B8C989ED26E31FF600EA60EC /* FLAnimatedImage.m in Sources */ = {isa = PBXBuildFile; fileRef = B8C989D226E31FF600EA60EC /* FLAnimatedImage.m */; };
		B8C989EE26E31FF600EA60EC /* FLAnimatedImageView.m in Sources */ = {isa = PBXBuildFile; fileRef = B8C989D326E31FF600EA60EC /* FLAnimatedImageView.m */; };
		B8C989EF26E31FF600EA60EC /* TYPageControl.m in Sources */ = {isa = PBXBuildFile; fileRef = B8C989D926E31FF600EA60EC /* TYPageControl.m */; };
		B8C989F026E31FF600EA60EC /* TYCyclePagerView.m in Sources */ = {isa = PBXBuildFile; fileRef = B8C989DA26E31FF600EA60EC /* TYCyclePagerView.m */; };
		B8C989F126E31FF600EA60EC /* TYCyclePagerTransformLayout.m in Sources */ = {isa = PBXBuildFile; fileRef = B8C989DB26E31FF600EA60EC /* TYCyclePagerTransformLayout.m */; };
		B8C98B3026E3234C00EA60EC /* DALabeledCircularProgressView.m in Sources */ = {isa = PBXBuildFile; fileRef = B8C98B2C26E3234C00EA60EC /* DALabeledCircularProgressView.m */; };
		B8C98B3126E3234C00EA60EC /* DACircularProgressView.m in Sources */ = {isa = PBXBuildFile; fileRef = B8C98B2D26E3234C00EA60EC /* DACircularProgressView.m */; };
		B8C98B5826E3783800EA60EC /* ViewController.m in Sources */ = {isa = PBXBuildFile; fileRef = B8C98B5726E3783700EA60EC /* ViewController.m */; };
		B8C98C5626E8B2D900EA60EC /* xcode_run_cmd.sh in Resources */ = {isa = PBXBuildFile; fileRef = B8C98C5426E8B2D800EA60EC /* xcode_run_cmd.sh */; };
		B8C98C5726E8B2D900EA60EC /* xcode_run_log.txt in Resources */ = {isa = PBXBuildFile; fileRef = B8C98C5526E8B2D800EA60EC /* xcode_run_log.txt */; };
		B8F1ABC226DD156F00383244 /* AppDelegate.m in Sources */ = {isa = PBXBuildFile; fileRef = B8F1ABC126DD156F00383244 /* AppDelegate.m */; };
		B8F1ABCB26DD156F00383244 /* Main.storyboard in Resources */ = {isa = PBXBuildFile; fileRef = B8F1ABC926DD156F00383244 /* Main.storyboard */; };
		B8F1ABCD26DD157000383244 /* Assets.xcassets in Resources */ = {isa = PBXBuildFile; fileRef = B8F1ABCC26DD157000383244 /* Assets.xcassets */; };
		B8F1ABD026DD157000383244 /* LaunchScreen.storyboard in Resources */ = {isa = PBXBuildFile; fileRef = B8F1ABCE26DD157000383244 /* LaunchScreen.storyboard */; };
		B8F1ABD326DD157000383244 /* main.m in Sources */ = {isa = PBXBuildFile; fileRef = B8F1ABD226DD157000383244 /* main.m */; };
		B8F1ABDD26DD157000383244 /* ArchitectureDesignTests.m in Sources */ = {isa = PBXBuildFile; fileRef = B8F1ABDC26DD157000383244 /* ArchitectureDesignTests.m */; };
		B8F1ABE826DD157000383244 /* ArchitectureDesignUITests.m in Sources */ = {isa = PBXBuildFile; fileRef = B8F1ABE726DD157000383244 /* ArchitectureDesignUITests.m */; };
		B8F1AC2D26DE66C700383244 /* LNMainViewController.m in Sources */ = {isa = PBXBuildFile; fileRef = B8F1AC2C26DE66C700383244 /* LNMainViewController.m */; };
		B8F1AC5226DF525700383244 /* NSString+LNTimeFormat.m in Sources */ = {isa = PBXBuildFile; fileRef = B8F1AC4F26DF525700383244 /* NSString+LNTimeFormat.m */; };
		D32A977DF5555D93E7C4215B /* Pods_ArchitectureDesign.framework in Frameworks */ = {isa = PBXBuildFile; fileRef = 8CEB8CE706F1DB522528E5E6 /* Pods_ArchitectureDesign.framework */; };
/* End PBXBuildFile section */

/* Begin PBXContainerItemProxy section */
		B8F1ABD926DD157000383244 /* PBXContainerItemProxy */ = {
			isa = PBXContainerItemProxy;
			containerPortal = B8F1ABB526DD156F00383244 /* Project object */;
			proxyType = 1;
			remoteGlobalIDString = B8F1ABBC26DD156F00383244;
			remoteInfo = ArchitectureDesign;
		};
		B8F1ABE426DD157000383244 /* PBXContainerItemProxy */ = {
			isa = PBXContainerItemProxy;
			containerPortal = B8F1ABB526DD156F00383244 /* Project object */;
			proxyType = 1;
			remoteGlobalIDString = B8F1ABBC26DD156F00383244;
			remoteInfo = ArchitectureDesign;
		};
/* End PBXContainerItemProxy section */

/* Begin PBXFileReference section */
		330F00B21955E5F5420E8D9D /* Pods-ArchitectureDesign.release.xcconfig */ = {isa = PBXFileReference; includeInIndex = 1; lastKnownFileType = text.xcconfig; name = "Pods-ArchitectureDesign.release.xcconfig"; path = "Target Support Files/Pods-ArchitectureDesign/Pods-ArchitectureDesign.release.xcconfig"; sourceTree = "<group>"; };
		541743FA3B1B510898263C01 /* Pods-ArchitectureDesignTests.release.xcconfig */ = {isa = PBXFileReference; includeInIndex = 1; lastKnownFileType = text.xcconfig; name = "Pods-ArchitectureDesignTests.release.xcconfig"; path = "Target Support Files/Pods-ArchitectureDesignTests/Pods-ArchitectureDesignTests.release.xcconfig"; sourceTree = "<group>"; };
		68A5327C0B6D7A092789B87F /* Pods_ArchitectureDesignTests.framework */ = {isa = PBXFileReference; explicitFileType = wrapper.framework; includeInIndex = 0; path = Pods_ArchitectureDesignTests.framework; sourceTree = BUILT_PRODUCTS_DIR; };
		8CEB8CE706F1DB522528E5E6 /* Pods_ArchitectureDesign.framework */ = {isa = PBXFileReference; explicitFileType = wrapper.framework; includeInIndex = 0; path = Pods_ArchitectureDesign.framework; sourceTree = BUILT_PRODUCTS_DIR; };
		90967EDA82833E50DAD552AF /* Pods-ArchitectureDesignTests.debug.xcconfig */ = {isa = PBXFileReference; includeInIndex = 1; lastKnownFileType = text.xcconfig; name = "Pods-ArchitectureDesignTests.debug.xcconfig"; path = "Target Support Files/Pods-ArchitectureDesignTests/Pods-ArchitectureDesignTests.debug.xcconfig"; sourceTree = "<group>"; };
		95061AAEA76CF62998CEB8CE /* Pods-ArchitectureDesignTests.bate.xcconfig */ = {isa = PBXFileReference; includeInIndex = 1; lastKnownFileType = text.xcconfig; name = "Pods-ArchitectureDesignTests.bate.xcconfig"; path = "Target Support Files/Pods-ArchitectureDesignTests/Pods-ArchitectureDesignTests.bate.xcconfig"; sourceTree = "<group>"; };
		A9D102C64CF090447E8C5E5B /* Pods-ArchitectureDesign.debug.xcconfig */ = {isa = PBXFileReference; includeInIndex = 1; lastKnownFileType = text.xcconfig; name = "Pods-ArchitectureDesign.debug.xcconfig"; path = "Target Support Files/Pods-ArchitectureDesign/Pods-ArchitectureDesign.debug.xcconfig"; sourceTree = "<group>"; };
		B36CEBB2408982325D18186D /* Pods-ArchitectureDesign.bate.xcconfig */ = {isa = PBXFileReference; includeInIndex = 1; lastKnownFileType = text.xcconfig; name = "Pods-ArchitectureDesign.bate.xcconfig"; path = "Target Support Files/Pods-ArchitectureDesign/Pods-ArchitectureDesign.bate.xcconfig"; sourceTree = "<group>"; };
		B8758CB9293F9616005BF1DE /* LNAppModuleManger.h */ = {isa = PBXFileReference; lastKnownFileType = sourcecode.c.h; path = LNAppModuleManger.h; sourceTree = "<group>"; };
		B8758CBA293F9616005BF1DE /* LNAppModuleManger.m */ = {isa = PBXFileReference; lastKnownFileType = sourcecode.c.objc; path = LNAppModuleManger.m; sourceTree = "<group>"; };
		B8C988C226E0F3E000EA60EC /* UIFont+LNAddition.h */ = {isa = PBXFileReference; lastKnownFileType = sourcecode.c.h; path = "UIFont+LNAddition.h"; sourceTree = "<group>"; };
		B8C988C326E0F3E000EA60EC /* UIFont+LNAddition.m */ = {isa = PBXFileReference; lastKnownFileType = sourcecode.c.objc; path = "UIFont+LNAddition.m"; sourceTree = "<group>"; };
		B8C988C526E0FC3400EA60EC /* LNUIKitHelper.h */ = {isa = PBXFileReference; lastKnownFileType = sourcecode.c.h; path = LNUIKitHelper.h; sourceTree = "<group>"; };
		B8C988EB26E1FF5F00EA60EC /* LNMediator.h */ = {isa = PBXFileReference; lastKnownFileType = sourcecode.c.h; path = LNMediator.h; sourceTree = "<group>"; };
		B8C988EC26E1FF5F00EA60EC /* LNMediator.m */ = {isa = PBXFileReference; lastKnownFileType = sourcecode.c.objc; path = LNMediator.m; sourceTree = "<group>"; };
		B8C989AC26E31FF600EA60EC /* MBProgressHUD.m */ = {isa = PBXFileReference; fileEncoding = 4; lastKnownFileType = sourcecode.c.objc; path = MBProgressHUD.m; sourceTree = "<group>"; };
		B8C989AD26E31FF600EA60EC /* MBProgressHUD.h */ = {isa = PBXFileReference; fileEncoding = 4; lastKnownFileType = sourcecode.c.h; path = MBProgressHUD.h; sourceTree = "<group>"; };
		B8C989AE26E31FF600EA60EC /* MBProgressHUD.bundle */ = {isa = PBXFileReference; lastKnownFileType = "wrapper.plug-in"; path = MBProgressHUD.bundle; sourceTree = "<group>"; };
		B8C989B126E31FF600EA60EC /* UIView+PYExtension.m */ = {isa = PBXFileReference; fileEncoding = 4; lastKnownFileType = sourcecode.c.objc; path = "UIView+PYExtension.m"; sourceTree = "<group>"; };
		B8C989B226E31FF600EA60EC /* MBProgressHUD+PYExtension.h */ = {isa = PBXFileReference; fileEncoding = 4; lastKnownFileType = sourcecode.c.h; path = "MBProgressHUD+PYExtension.h"; sourceTree = "<group>"; };
		B8C989B326E31FF600EA60EC /* UIView+PYExtension.h */ = {isa = PBXFileReference; fileEncoding = 4; lastKnownFileType = sourcecode.c.h; path = "UIView+PYExtension.h"; sourceTree = "<group>"; };
		B8C989B426E31FF600EA60EC /* MBProgressHUD+PYExtension.m */ = {isa = PBXFileReference; fileEncoding = 4; lastKnownFileType = sourcecode.c.objc; path = "MBProgressHUD+PYExtension.m"; sourceTree = "<group>"; };
		B8C989B626E31FF600EA60EC /* PYProgressView.m */ = {isa = PBXFileReference; fileEncoding = 4; lastKnownFileType = sourcecode.c.objc; path = PYProgressView.m; sourceTree = "<group>"; };
		B8C989B726E31FF600EA60EC /* PYPhotoBrowserConst.h */ = {isa = PBXFileReference; fileEncoding = 4; lastKnownFileType = sourcecode.c.h; path = PYPhotoBrowserConst.h; sourceTree = "<group>"; };
		B8C989B826E31FF600EA60EC /* PYProgressView.h */ = {isa = PBXFileReference; fileEncoding = 4; lastKnownFileType = sourcecode.c.h; path = PYProgressView.h; sourceTree = "<group>"; };
		B8C989B926E31FF600EA60EC /* PYPhotoBrowserConst.m */ = {isa = PBXFileReference; fileEncoding = 4; lastKnownFileType = sourcecode.c.objc; path = PYPhotoBrowserConst.m; sourceTree = "<group>"; };
		B8C989BA26E31FF600EA60EC /* PYPhotoBrowser.h */ = {isa = PBXFileReference; fileEncoding = 4; lastKnownFileType = sourcecode.c.h; path = PYPhotoBrowser.h; sourceTree = "<group>"; };
		B8C989BC26E31FF600EA60EC /* PYPhotosReaderController.h */ = {isa = PBXFileReference; fileEncoding = 4; lastKnownFileType = sourcecode.c.h; path = PYPhotosReaderController.h; sourceTree = "<group>"; };
		B8C989BD26E31FF600EA60EC /* PYPhotosNavigationController.h */ = {isa = PBXFileReference; fileEncoding = 4; lastKnownFileType = sourcecode.c.h; path = PYPhotosNavigationController.h; sourceTree = "<group>"; };
		B8C989BE26E31FF600EA60EC /* PYPhotosViewController.m */ = {isa = PBXFileReference; fileEncoding = 4; lastKnownFileType = sourcecode.c.objc; path = PYPhotosViewController.m; sourceTree = "<group>"; };
		B8C989BF26E31FF600EA60EC /* PYPhotosPreviewController.h */ = {isa = PBXFileReference; fileEncoding = 4; lastKnownFileType = sourcecode.c.h; path = PYPhotosPreviewController.h; sourceTree = "<group>"; };
		B8C989C026E31FF600EA60EC /* PYPhotosReaderController.m */ = {isa = PBXFileReference; fileEncoding = 4; lastKnownFileType = sourcecode.c.objc; path = PYPhotosReaderController.m; sourceTree = "<group>"; };
		B8C989C126E31FF600EA60EC /* PYPhotosNavigationController.m */ = {isa = PBXFileReference; fileEncoding = 4; lastKnownFileType = sourcecode.c.objc; path = PYPhotosNavigationController.m; sourceTree = "<group>"; };
		B8C989C226E31FF600EA60EC /* PYPhotosPreviewController.m */ = {isa = PBXFileReference; fileEncoding = 4; lastKnownFileType = sourcecode.c.objc; path = PYPhotosPreviewController.m; sourceTree = "<group>"; };
		B8C989C326E31FF600EA60EC /* PYPhotosViewController.h */ = {isa = PBXFileReference; fileEncoding = 4; lastKnownFileType = sourcecode.c.h; path = PYPhotosViewController.h; sourceTree = "<group>"; };
		B8C989C526E31FF600EA60EC /* PYPhoto.h */ = {isa = PBXFileReference; fileEncoding = 4; lastKnownFileType = sourcecode.c.h; path = PYPhoto.h; sourceTree = "<group>"; };
		B8C989C626E31FF600EA60EC /* PYPhoto.m */ = {isa = PBXFileReference; fileEncoding = 4; lastKnownFileType = sourcecode.c.objc; path = PYPhoto.m; sourceTree = "<group>"; };
		B8C989C826E31FF600EA60EC /* PYPhotosView.m */ = {isa = PBXFileReference; fileEncoding = 4; lastKnownFileType = sourcecode.c.objc; path = PYPhotosView.m; sourceTree = "<group>"; };
		B8C989C926E31FF600EA60EC /* PYPhotoBrowseView.h */ = {isa = PBXFileReference; fileEncoding = 4; lastKnownFileType = sourcecode.c.h; path = PYPhotoBrowseView.h; sourceTree = "<group>"; };
		B8C989CA26E31FF600EA60EC /* PYPhotoCell.h */ = {isa = PBXFileReference; fileEncoding = 4; lastKnownFileType = sourcecode.c.h; path = PYPhotoCell.h; sourceTree = "<group>"; };
		B8C989CB26E31FF600EA60EC /* PYPhotoView.h */ = {isa = PBXFileReference; fileEncoding = 4; lastKnownFileType = sourcecode.c.h; path = PYPhotoView.h; sourceTree = "<group>"; };
		B8C989CC26E31FF600EA60EC /* PYPhotoBrowseView.m */ = {isa = PBXFileReference; fileEncoding = 4; lastKnownFileType = sourcecode.c.objc; path = PYPhotoBrowseView.m; sourceTree = "<group>"; };
		B8C989CD26E31FF600EA60EC /* PYPhotosView.h */ = {isa = PBXFileReference; fileEncoding = 4; lastKnownFileType = sourcecode.c.h; path = PYPhotosView.h; sourceTree = "<group>"; };
		B8C989CE26E31FF600EA60EC /* PYPhotoCell.m */ = {isa = PBXFileReference; fileEncoding = 4; lastKnownFileType = sourcecode.c.objc; path = PYPhotoCell.m; sourceTree = "<group>"; };
		B8C989CF26E31FF600EA60EC /* PYPhotoView.m */ = {isa = PBXFileReference; fileEncoding = 4; lastKnownFileType = sourcecode.c.objc; path = PYPhotoView.m; sourceTree = "<group>"; };
		B8C989D026E31FF600EA60EC /* PYPhotosView.bundle */ = {isa = PBXFileReference; lastKnownFileType = "wrapper.plug-in"; path = PYPhotosView.bundle; sourceTree = "<group>"; };
		B8C989D226E31FF600EA60EC /* FLAnimatedImage.m */ = {isa = PBXFileReference; fileEncoding = 4; lastKnownFileType = sourcecode.c.objc; path = FLAnimatedImage.m; sourceTree = "<group>"; };
		B8C989D326E31FF600EA60EC /* FLAnimatedImageView.m */ = {isa = PBXFileReference; fileEncoding = 4; lastKnownFileType = sourcecode.c.objc; path = FLAnimatedImageView.m; sourceTree = "<group>"; };
		B8C989D426E31FF600EA60EC /* FLAnimatedImage.h */ = {isa = PBXFileReference; fileEncoding = 4; lastKnownFileType = sourcecode.c.h; path = FLAnimatedImage.h; sourceTree = "<group>"; };
		B8C989D526E31FF600EA60EC /* FLAnimatedImageView.h */ = {isa = PBXFileReference; fileEncoding = 4; lastKnownFileType = sourcecode.c.h; path = FLAnimatedImageView.h; sourceTree = "<group>"; };
		B8C989D726E31FF600EA60EC /* TYCyclePagerView.h */ = {isa = PBXFileReference; fileEncoding = 4; lastKnownFileType = sourcecode.c.h; path = TYCyclePagerView.h; sourceTree = "<group>"; };
		B8C989D826E31FF600EA60EC /* TYCyclePagerTransformLayout.h */ = {isa = PBXFileReference; fileEncoding = 4; lastKnownFileType = sourcecode.c.h; path = TYCyclePagerTransformLayout.h; sourceTree = "<group>"; };
		B8C989D926E31FF600EA60EC /* TYPageControl.m */ = {isa = PBXFileReference; fileEncoding = 4; lastKnownFileType = sourcecode.c.objc; path = TYPageControl.m; sourceTree = "<group>"; };
		B8C989DA26E31FF600EA60EC /* TYCyclePagerView.m */ = {isa = PBXFileReference; fileEncoding = 4; lastKnownFileType = sourcecode.c.objc; path = TYCyclePagerView.m; sourceTree = "<group>"; };
		B8C989DB26E31FF600EA60EC /* TYCyclePagerTransformLayout.m */ = {isa = PBXFileReference; fileEncoding = 4; lastKnownFileType = sourcecode.c.objc; path = TYCyclePagerTransformLayout.m; sourceTree = "<group>"; };
		B8C989DC26E31FF600EA60EC /* TYPageControl.h */ = {isa = PBXFileReference; fileEncoding = 4; lastKnownFileType = sourcecode.c.h; path = TYPageControl.h; sourceTree = "<group>"; };
		B8C98B2A26E3210C00EA60EC /* ArchitectureDesign-PrefixHeader.pch */ = {isa = PBXFileReference; lastKnownFileType = sourcecode.c.h; path = "ArchitectureDesign-PrefixHeader.pch"; sourceTree = "<group>"; };
		B8C98B2C26E3234C00EA60EC /* DALabeledCircularProgressView.m */ = {isa = PBXFileReference; fileEncoding = 4; lastKnownFileType = sourcecode.c.objc; path = DALabeledCircularProgressView.m; sourceTree = "<group>"; };
		B8C98B2D26E3234C00EA60EC /* DACircularProgressView.m */ = {isa = PBXFileReference; fileEncoding = 4; lastKnownFileType = sourcecode.c.objc; path = DACircularProgressView.m; sourceTree = "<group>"; };
		B8C98B2E26E3234C00EA60EC /* DALabeledCircularProgressView.h */ = {isa = PBXFileReference; fileEncoding = 4; lastKnownFileType = sourcecode.c.h; path = DALabeledCircularProgressView.h; sourceTree = "<group>"; };
		B8C98B2F26E3234C00EA60EC /* DACircularProgressView.h */ = {isa = PBXFileReference; fileEncoding = 4; lastKnownFileType = sourcecode.c.h; path = DACircularProgressView.h; sourceTree = "<group>"; };
		B8C98B5626E3783700EA60EC /* ViewController.h */ = {isa = PBXFileReference; lastKnownFileType = sourcecode.c.h; path = ViewController.h; sourceTree = "<group>"; };
		B8C98B5726E3783700EA60EC /* ViewController.m */ = {isa = PBXFileReference; lastKnownFileType = sourcecode.c.objc; path = ViewController.m; sourceTree = "<group>"; };
		B8C98C5026E88F8600EA60EC /* Config-ArchitectureDesign.debug.xcconfig */ = {isa = PBXFileReference; lastKnownFileType = text.xcconfig; path = "Config-ArchitectureDesign.debug.xcconfig"; sourceTree = "<group>"; };
		B8C98C5126E88FA200EA60EC /* Config-ArchitectureDesign.release.xcconfig */ = {isa = PBXFileReference; lastKnownFileType = text.xcconfig; path = "Config-ArchitectureDesign.release.xcconfig"; sourceTree = "<group>"; };
		B8C98C5226E88FC100EA60EC /* Config-ArchitectureDesign.bate.xcconfig */ = {isa = PBXFileReference; lastKnownFileType = text.xcconfig; path = "Config-ArchitectureDesign.bate.xcconfig"; sourceTree = "<group>"; };
		B8C98C5426E8B2D800EA60EC /* xcode_run_cmd.sh */ = {isa = PBXFileReference; fileEncoding = 4; lastKnownFileType = text.script.sh; path = xcode_run_cmd.sh; sourceTree = "<group>"; };
		B8C98C5526E8B2D800EA60EC /* xcode_run_log.txt */ = {isa = PBXFileReference; fileEncoding = 4; lastKnownFileType = text; path = xcode_run_log.txt; sourceTree = "<group>"; };
		B8C98C5826E8B99A00EA60EC /* Config-RunCMD.xcconfig */ = {isa = PBXFileReference; lastKnownFileType = text.xcconfig; path = "Config-RunCMD.xcconfig"; sourceTree = "<group>"; };
		B8F1ABBD26DD156F00383244 /* ArchitectureDesign.app */ = {isa = PBXFileReference; explicitFileType = wrapper.application; includeInIndex = 0; path = ArchitectureDesign.app; sourceTree = BUILT_PRODUCTS_DIR; };
		B8F1ABC026DD156F00383244 /* AppDelegate.h */ = {isa = PBXFileReference; lastKnownFileType = sourcecode.c.h; path = AppDelegate.h; sourceTree = "<group>"; };
		B8F1ABC126DD156F00383244 /* AppDelegate.m */ = {isa = PBXFileReference; lastKnownFileType = sourcecode.c.objc; path = AppDelegate.m; sourceTree = "<group>"; };
		B8F1ABCA26DD156F00383244 /* Base */ = {isa = PBXFileReference; lastKnownFileType = file.storyboard; name = Base; path = Base.lproj/Main.storyboard; sourceTree = "<group>"; };
		B8F1ABCC26DD157000383244 /* Assets.xcassets */ = {isa = PBXFileReference; lastKnownFileType = folder.assetcatalog; path = Assets.xcassets; sourceTree = "<group>"; };
		B8F1ABCF26DD157000383244 /* Base */ = {isa = PBXFileReference; lastKnownFileType = file.storyboard; name = Base; path = Base.lproj/LaunchScreen.storyboard; sourceTree = "<group>"; };
		B8F1ABD126DD157000383244 /* Info.plist */ = {isa = PBXFileReference; lastKnownFileType = text.plist.xml; path = Info.plist; sourceTree = "<group>"; };
		B8F1ABD226DD157000383244 /* main.m */ = {isa = PBXFileReference; lastKnownFileType = sourcecode.c.objc; path = main.m; sourceTree = "<group>"; };
		B8F1ABD826DD157000383244 /* ArchitectureDesignTests.xctest */ = {isa = PBXFileReference; explicitFileType = wrapper.cfbundle; includeInIndex = 0; path = ArchitectureDesignTests.xctest; sourceTree = BUILT_PRODUCTS_DIR; };
		B8F1ABDC26DD157000383244 /* ArchitectureDesignTests.m */ = {isa = PBXFileReference; lastKnownFileType = sourcecode.c.objc; path = ArchitectureDesignTests.m; sourceTree = "<group>"; };
		B8F1ABDE26DD157000383244 /* Info.plist */ = {isa = PBXFileReference; lastKnownFileType = text.plist.xml; path = Info.plist; sourceTree = "<group>"; };
		B8F1ABE326DD157000383244 /* ArchitectureDesignUITests.xctest */ = {isa = PBXFileReference; explicitFileType = wrapper.cfbundle; includeInIndex = 0; path = ArchitectureDesignUITests.xctest; sourceTree = BUILT_PRODUCTS_DIR; };
		B8F1ABE726DD157000383244 /* ArchitectureDesignUITests.m */ = {isa = PBXFileReference; lastKnownFileType = sourcecode.c.objc; path = ArchitectureDesignUITests.m; sourceTree = "<group>"; };
		B8F1ABE926DD157000383244 /* Info.plist */ = {isa = PBXFileReference; lastKnownFileType = text.plist.xml; path = Info.plist; sourceTree = "<group>"; };
		B8F1AC2B26DE66C700383244 /* LNMainViewController.h */ = {isa = PBXFileReference; lastKnownFileType = sourcecode.c.h; path = LNMainViewController.h; sourceTree = "<group>"; };
		B8F1AC2C26DE66C700383244 /* LNMainViewController.m */ = {isa = PBXFileReference; lastKnownFileType = sourcecode.c.objc; path = LNMainViewController.m; sourceTree = "<group>"; };
		B8F1AC4E26DF525700383244 /* LNCustomFoundationKit.h */ = {isa = PBXFileReference; fileEncoding = 4; lastKnownFileType = sourcecode.c.h; path = LNCustomFoundationKit.h; sourceTree = "<group>"; };
		B8F1AC4F26DF525700383244 /* NSString+LNTimeFormat.m */ = {isa = PBXFileReference; fileEncoding = 4; lastKnownFileType = sourcecode.c.objc; path = "NSString+LNTimeFormat.m"; sourceTree = "<group>"; };
		B8F1AC5026DF525700383244 /* NSString+LNTimeFormat.h */ = {isa = PBXFileReference; fileEncoding = 4; lastKnownFileType = sourcecode.c.h; path = "NSString+LNTimeFormat.h"; sourceTree = "<group>"; };
/* End PBXFileReference section */

/* Begin PBXFrameworksBuildPhase section */
		B8F1ABBA26DD156F00383244 /* Frameworks */ = {
			isa = PBXFrameworksBuildPhase;
			buildActionMask = 2147483647;
			files = (
				D32A977DF5555D93E7C4215B /* Pods_ArchitectureDesign.framework in Frameworks */,
			);
			runOnlyForDeploymentPostprocessing = 0;
		};
		B8F1ABD526DD157000383244 /* Frameworks */ = {
			isa = PBXFrameworksBuildPhase;
			buildActionMask = 2147483647;
			files = (
				B36B4FA29263A51412005F5E /* Pods_ArchitectureDesignTests.framework in Frameworks */,
			);
			runOnlyForDeploymentPostprocessing = 0;
		};
		B8F1ABE026DD157000383244 /* Frameworks */ = {
			isa = PBXFrameworksBuildPhase;
			buildActionMask = 2147483647;
			files = (
			);
			runOnlyForDeploymentPostprocessing = 0;
		};
/* End PBXFrameworksBuildPhase section */

/* Begin PBXGroup section */
		80CC79E5621CC00FC891F990 /* Frameworks */ = {
			isa = PBXGroup;
			children = (
				8CEB8CE706F1DB522528E5E6 /* Pods_ArchitectureDesign.framework */,
				68A5327C0B6D7A092789B87F /* Pods_ArchitectureDesignTests.framework */,
				B8C98C5426E8B2D800EA60EC /* xcode_run_cmd.sh */,
				B8C98C5526E8B2D800EA60EC /* xcode_run_log.txt */,
			);
			name = Frameworks;
			sourceTree = "<group>";
		};
		A871CBF9C4EDF682755FFC1C /* Pods */ = {
			isa = PBXGroup;
			children = (
				A9D102C64CF090447E8C5E5B /* Pods-ArchitectureDesign.debug.xcconfig */,
				330F00B21955E5F5420E8D9D /* Pods-ArchitectureDesign.release.xcconfig */,
				90967EDA82833E50DAD552AF /* Pods-ArchitectureDesignTests.debug.xcconfig */,
				541743FA3B1B510898263C01 /* Pods-ArchitectureDesignTests.release.xcconfig */,
				B36CEBB2408982325D18186D /* Pods-ArchitectureDesign.bate.xcconfig */,
				95061AAEA76CF62998CEB8CE /* Pods-ArchitectureDesignTests.bate.xcconfig */,
			);
			path = Pods;
			sourceTree = "<group>";
		};
		B8758C95293E3FA1005BF1DE /* Foundation */ = {
			isa = PBXGroup;
			children = (
				B8F1AC4E26DF525700383244 /* LNCustomFoundationKit.h */,
				B8F1AC5026DF525700383244 /* NSString+LNTimeFormat.h */,
				B8F1AC4F26DF525700383244 /* NSString+LNTimeFormat.m */,
			);
			path = Foundation;
			sourceTree = "<group>";
		};
		B8758CB8293F95B7005BF1DE /* Global */ = {
			isa = PBXGroup;
			children = (
				B8758CB9293F9616005BF1DE /* LNAppModuleManger.h */,
				B8758CBA293F9616005BF1DE /* LNAppModuleManger.m */,
			);
			path = Global;
			sourceTree = "<group>";
		};
		B8C988C126E0F37700EA60EC /* CustomUIKit */ = {
			isa = PBXGroup;
			children = (
				B8C988C226E0F3E000EA60EC /* UIFont+LNAddition.h */,
				B8C988C326E0F3E000EA60EC /* UIFont+LNAddition.m */,
				B8C988C526E0FC3400EA60EC /* LNUIKitHelper.h */,
			);
			path = CustomUIKit;
			sourceTree = "<group>";
		};
		B8C988E626E1FDDB00EA60EC /* Mediator */ = {
			isa = PBXGroup;
			children = (
				B8C988EB26E1FF5F00EA60EC /* LNMediator.h */,
				B8C988EC26E1FF5F00EA60EC /* LNMediator.m */,
			);
			path = Mediator;
			sourceTree = "<group>";
		};
		B8C989AB26E31FF600EA60EC /* MBProgressHUD */ = {
			isa = PBXGroup;
			children = (
				B8C989AC26E31FF600EA60EC /* MBProgressHUD.m */,
				B8C989AD26E31FF600EA60EC /* MBProgressHUD.h */,
				B8C989AE26E31FF600EA60EC /* MBProgressHUD.bundle */,
			);
			path = MBProgressHUD;
			sourceTree = "<group>";
		};
		B8C989AF26E31FF600EA60EC /* PYPhotoBrowser */ = {
			isa = PBXGroup;
			children = (
				B8C989B026E31FF600EA60EC /* Category */,
				B8C989B526E31FF600EA60EC /* Other */,
				B8C989BA26E31FF600EA60EC /* PYPhotoBrowser.h */,
				B8C989BB26E31FF600EA60EC /* Controller */,
				B8C989C426E31FF600EA60EC /* Model */,
				B8C989C726E31FF600EA60EC /* View */,
				B8C989D026E31FF600EA60EC /* PYPhotosView.bundle */,
			);
			path = PYPhotoBrowser;
			sourceTree = "<group>";
		};
		B8C989B026E31FF600EA60EC /* Category */ = {
			isa = PBXGroup;
			children = (
				B8C989B126E31FF600EA60EC /* UIView+PYExtension.m */,
				B8C989B226E31FF600EA60EC /* MBProgressHUD+PYExtension.h */,
				B8C989B326E31FF600EA60EC /* UIView+PYExtension.h */,
				B8C989B426E31FF600EA60EC /* MBProgressHUD+PYExtension.m */,
			);
			path = Category;
			sourceTree = "<group>";
		};
		B8C989B526E31FF600EA60EC /* Other */ = {
			isa = PBXGroup;
			children = (
				B8C989B626E31FF600EA60EC /* PYProgressView.m */,
				B8C989B726E31FF600EA60EC /* PYPhotoBrowserConst.h */,
				B8C989B826E31FF600EA60EC /* PYProgressView.h */,
				B8C989B926E31FF600EA60EC /* PYPhotoBrowserConst.m */,
			);
			path = Other;
			sourceTree = "<group>";
		};
		B8C989BB26E31FF600EA60EC /* Controller */ = {
			isa = PBXGroup;
			children = (
				B8C989BC26E31FF600EA60EC /* PYPhotosReaderController.h */,
				B8C989BD26E31FF600EA60EC /* PYPhotosNavigationController.h */,
				B8C989BE26E31FF600EA60EC /* PYPhotosViewController.m */,
				B8C989BF26E31FF600EA60EC /* PYPhotosPreviewController.h */,
				B8C989C026E31FF600EA60EC /* PYPhotosReaderController.m */,
				B8C989C126E31FF600EA60EC /* PYPhotosNavigationController.m */,
				B8C989C226E31FF600EA60EC /* PYPhotosPreviewController.m */,
				B8C989C326E31FF600EA60EC /* PYPhotosViewController.h */,
			);
			path = Controller;
			sourceTree = "<group>";
		};
		B8C989C426E31FF600EA60EC /* Model */ = {
			isa = PBXGroup;
			children = (
				B8C989C526E31FF600EA60EC /* PYPhoto.h */,
				B8C989C626E31FF600EA60EC /* PYPhoto.m */,
			);
			path = Model;
			sourceTree = "<group>";
		};
		B8C989C726E31FF600EA60EC /* View */ = {
			isa = PBXGroup;
			children = (
				B8C989C826E31FF600EA60EC /* PYPhotosView.m */,
				B8C989C926E31FF600EA60EC /* PYPhotoBrowseView.h */,
				B8C989CA26E31FF600EA60EC /* PYPhotoCell.h */,
				B8C989CB26E31FF600EA60EC /* PYPhotoView.h */,
				B8C989CC26E31FF600EA60EC /* PYPhotoBrowseView.m */,
				B8C989CD26E31FF600EA60EC /* PYPhotosView.h */,
				B8C989CE26E31FF600EA60EC /* PYPhotoCell.m */,
				B8C989CF26E31FF600EA60EC /* PYPhotoView.m */,
			);
			path = View;
			sourceTree = "<group>";
		};
		B8C989D126E31FF600EA60EC /* FLAnimatedImage */ = {
			isa = PBXGroup;
			children = (
				B8C989D426E31FF600EA60EC /* FLAnimatedImage.h */,
				B8C989D226E31FF600EA60EC /* FLAnimatedImage.m */,
				B8C989D526E31FF600EA60EC /* FLAnimatedImageView.h */,
				B8C989D326E31FF600EA60EC /* FLAnimatedImageView.m */,
			);
			path = FLAnimatedImage;
			sourceTree = "<group>";
		};
		B8C989D626E31FF600EA60EC /* TYCyclePagerView */ = {
			isa = PBXGroup;
			children = (
				B8C989D726E31FF600EA60EC /* TYCyclePagerView.h */,
				B8C989D826E31FF600EA60EC /* TYCyclePagerTransformLayout.h */,
				B8C989D926E31FF600EA60EC /* TYPageControl.m */,
				B8C989DA26E31FF600EA60EC /* TYCyclePagerView.m */,
				B8C989DB26E31FF600EA60EC /* TYCyclePagerTransformLayout.m */,
				B8C989DC26E31FF600EA60EC /* TYPageControl.h */,
			);
			path = TYCyclePagerView;
			sourceTree = "<group>";
		};
		B8C98B2B26E3234C00EA60EC /* DACircularProgress */ = {
			isa = PBXGroup;
			children = (
				B8C98B2C26E3234C00EA60EC /* DALabeledCircularProgressView.m */,
				B8C98B2D26E3234C00EA60EC /* DACircularProgressView.m */,
				B8C98B2E26E3234C00EA60EC /* DALabeledCircularProgressView.h */,
				B8C98B2F26E3234C00EA60EC /* DACircularProgressView.h */,
			);
			path = DACircularProgress;
			sourceTree = "<group>";
		};
		B8F1ABB426DD156F00383244 = {
			isa = PBXGroup;
			children = (
				B8F1ABBF26DD156F00383244 /* ArchitectureDesign */,
				B8F1ABDB26DD157000383244 /* ArchitectureDesignTests */,
				B8F1ABE626DD157000383244 /* ArchitectureDesignUITests */,
				B8F1ABBE26DD156F00383244 /* Products */,
				A871CBF9C4EDF682755FFC1C /* Pods */,
				80CC79E5621CC00FC891F990 /* Frameworks */,
			);
			sourceTree = "<group>";
		};
		B8F1ABBE26DD156F00383244 /* Products */ = {
			isa = PBXGroup;
			children = (
				B8F1ABBD26DD156F00383244 /* ArchitectureDesign.app */,
				B8F1ABD826DD157000383244 /* ArchitectureDesignTests.xctest */,
				B8F1ABE326DD157000383244 /* ArchitectureDesignUITests.xctest */,
			);
			name = Products;
			sourceTree = "<group>";
		};
		B8F1ABBF26DD156F00383244 /* ArchitectureDesign */ = {
			isa = PBXGroup;
			children = (
				B8758CB8293F95B7005BF1DE /* Global */,
				B8C988E626E1FDDB00EA60EC /* Mediator */,
				B8F1AC3A26DF257900383244 /* AppEntry */,
				B8F1AC3926DF256D00383244 /* Resources */,
				B8F1AC3726DF253C00383244 /* xConfig */,
				B8F1AC3526DF252000383244 /* Features */,
				B8F1AC2A26DE570800383244 /* Data */,
				B8F1AC2026DE4DFC00383244 /* Utilites */,
				B8F1AC3826DF255700383244 /* Venders */,
				B8F1ABC926DD156F00383244 /* Main.storyboard */,
				B8F1ABCC26DD157000383244 /* Assets.xcassets */,
				B8F1ABCE26DD157000383244 /* LaunchScreen.storyboard */,
				B8F1ABD126DD157000383244 /* Info.plist */,
				B8F1ABD226DD157000383244 /* main.m */,
				B8C98B2A26E3210C00EA60EC /* ArchitectureDesign-PrefixHeader.pch */,
				B8C98B5626E3783700EA60EC /* ViewController.h */,
				B8C98B5726E3783700EA60EC /* ViewController.m */,
			);
			path = ArchitectureDesign;
			sourceTree = "<group>";
		};
		B8F1ABDB26DD157000383244 /* ArchitectureDesignTests */ = {
			isa = PBXGroup;
			children = (
				B8F1ABDC26DD157000383244 /* ArchitectureDesignTests.m */,
				B8F1ABDE26DD157000383244 /* Info.plist */,
			);
			path = ArchitectureDesignTests;
			sourceTree = "<group>";
		};
		B8F1ABE626DD157000383244 /* ArchitectureDesignUITests */ = {
			isa = PBXGroup;
			children = (
				B8F1ABE726DD157000383244 /* ArchitectureDesignUITests.m */,
				B8F1ABE926DD157000383244 /* Info.plist */,
			);
			path = ArchitectureDesignUITests;
			sourceTree = "<group>";
		};
		B8F1AC2026DE4DFC00383244 /* Utilites */ = {
			isa = PBXGroup;
			children = (
				B8758C95293E3FA1005BF1DE /* Foundation */,
				B8C988C126E0F37700EA60EC /* CustomUIKit */,
			);
			path = Utilites;
			sourceTree = "<group>";
		};
		B8F1AC2A26DE570800383244 /* Data */ = {
			isa = PBXGroup;
			children = (
			);
			path = Data;
			sourceTree = "<group>";
		};
		B8F1AC3526DF252000383244 /* Features */ = {
			isa = PBXGroup;
			children = (
			);
			path = Features;
			sourceTree = "<group>";
		};
		B8F1AC3726DF253C00383244 /* xConfig */ = {
			isa = PBXGroup;
			children = (
				B8C98C5026E88F8600EA60EC /* Config-ArchitectureDesign.debug.xcconfig */,
				B8C98C5126E88FA200EA60EC /* Config-ArchitectureDesign.release.xcconfig */,
				B8C98C5226E88FC100EA60EC /* Config-ArchitectureDesign.bate.xcconfig */,
				B8C98C5826E8B99A00EA60EC /* Config-RunCMD.xcconfig */,
			);
			path = xConfig;
			sourceTree = "<group>";
		};
		B8F1AC3826DF255700383244 /* Venders */ = {
			isa = PBXGroup;
			children = (
				B8C98B2B26E3234C00EA60EC /* DACircularProgress */,
				B8C989D126E31FF600EA60EC /* FLAnimatedImage */,
				B8C989AB26E31FF600EA60EC /* MBProgressHUD */,
				B8C989AF26E31FF600EA60EC /* PYPhotoBrowser */,
				B8C989D626E31FF600EA60EC /* TYCyclePagerView */,
			);
			path = Venders;
			sourceTree = "<group>";
		};
		B8F1AC3926DF256D00383244 /* Resources */ = {
			isa = PBXGroup;
			children = (
			);
			path = Resources;
			sourceTree = "<group>";
		};
		B8F1AC3A26DF257900383244 /* AppEntry */ = {
			isa = PBXGroup;
			children = (
				B8F1AC2B26DE66C700383244 /* LNMainViewController.h */,
				B8F1AC2C26DE66C700383244 /* LNMainViewController.m */,
				B8F1ABC026DD156F00383244 /* AppDelegate.h */,
				B8F1ABC126DD156F00383244 /* AppDelegate.m */,
			);
			path = AppEntry;
			sourceTree = "<group>";
		};
/* End PBXGroup section */

/* Begin PBXNativeTarget section */
		B8F1ABBC26DD156F00383244 /* ArchitectureDesign */ = {
			isa = PBXNativeTarget;
			buildConfigurationList = B8F1ABEC26DD157000383244 /* Build configuration list for PBXNativeTarget "ArchitectureDesign" */;
			buildPhases = (
				0DFF17B9063DF80454B31F5F /* [CP] Check Pods Manifest.lock */,
				B8F1ABB926DD156F00383244 /* Sources */,
				B8F1ABBA26DD156F00383244 /* Frameworks */,
				B8F1ABBB26DD156F00383244 /* Resources */,
				B8C98C5326E8A59200EA60EC /* ShellScript */,
				239840B2D466C77A082DC7E2 /* [CP] Embed Pods Frameworks */,
			);
			buildRules = (
			);
			dependencies = (
			);
			name = ArchitectureDesign;
			productName = ArchitectureDesign;
			productReference = B8F1ABBD26DD156F00383244 /* ArchitectureDesign.app */;
			productType = "com.apple.product-type.application";
		};
		B8F1ABD726DD157000383244 /* ArchitectureDesignTests */ = {
			isa = PBXNativeTarget;
			buildConfigurationList = B8F1ABEF26DD157000383244 /* Build configuration list for PBXNativeTarget "ArchitectureDesignTests" */;
			buildPhases = (
				758D09C82D83897B52CF7E49 /* [CP] Check Pods Manifest.lock */,
				B8F1ABD426DD157000383244 /* Sources */,
				B8F1ABD526DD157000383244 /* Frameworks */,
				B8F1ABD626DD157000383244 /* Resources */,
			);
			buildRules = (
			);
			dependencies = (
				B8F1ABDA26DD157000383244 /* PBXTargetDependency */,
			);
			name = ArchitectureDesignTests;
			productName = ArchitectureDesignTests;
			productReference = B8F1ABD826DD157000383244 /* ArchitectureDesignTests.xctest */;
			productType = "com.apple.product-type.bundle.unit-test";
		};
		B8F1ABE226DD157000383244 /* ArchitectureDesignUITests */ = {
			isa = PBXNativeTarget;
			buildConfigurationList = B8F1ABF226DD157000383244 /* Build configuration list for PBXNativeTarget "ArchitectureDesignUITests" */;
			buildPhases = (
				B8F1ABDF26DD157000383244 /* Sources */,
				B8F1ABE026DD157000383244 /* Frameworks */,
				B8F1ABE126DD157000383244 /* Resources */,
			);
			buildRules = (
			);
			dependencies = (
				B8F1ABE526DD157000383244 /* PBXTargetDependency */,
			);
			name = ArchitectureDesignUITests;
			productName = ArchitectureDesignUITests;
			productReference = B8F1ABE326DD157000383244 /* ArchitectureDesignUITests.xctest */;
			productType = "com.apple.product-type.bundle.ui-testing";
		};
/* End PBXNativeTarget section */

/* Begin PBXProject section */
		B8F1ABB526DD156F00383244 /* Project object */ = {
			isa = PBXProject;
			attributes = {
				LastUpgradeCheck = 1250;
				TargetAttributes = {
					B8F1ABBC26DD156F00383244 = {
						CreatedOnToolsVersion = 12.5.1;
					};
					B8F1ABD726DD157000383244 = {
						CreatedOnToolsVersion = 12.5.1;
						TestTargetID = B8F1ABBC26DD156F00383244;
					};
					B8F1ABE226DD157000383244 = {
						CreatedOnToolsVersion = 12.5.1;
						TestTargetID = B8F1ABBC26DD156F00383244;
					};
				};
			};
			buildConfigurationList = B8F1ABB826DD156F00383244 /* Build configuration list for PBXProject "ArchitectureDesign" */;
			compatibilityVersion = "Xcode 9.3";
			developmentRegion = en;
			hasScannedForEncodings = 0;
			knownRegions = (
				en,
				Base,
			);
			mainGroup = B8F1ABB426DD156F00383244;
			productRefGroup = B8F1ABBE26DD156F00383244 /* Products */;
			projectDirPath = "";
			projectRoot = "";
			targets = (
				B8F1ABBC26DD156F00383244 /* ArchitectureDesign */,
				B8F1ABD726DD157000383244 /* ArchitectureDesignTests */,
				B8F1ABE226DD157000383244 /* ArchitectureDesignUITests */,
			);
		};
/* End PBXProject section */

/* Begin PBXResourcesBuildPhase section */
		B8F1ABBB26DD156F00383244 /* Resources */ = {
			isa = PBXResourcesBuildPhase;
			buildActionMask = 2147483647;
			files = (
				B8C989EC26E31FF600EA60EC /* PYPhotosView.bundle in Resources */,
				B8C98C5626E8B2D900EA60EC /* xcode_run_cmd.sh in Resources */,
				B8F1ABD026DD157000383244 /* LaunchScreen.storyboard in Resources */,
				B8F1ABCD26DD157000383244 /* Assets.xcassets in Resources */,
				B8C98C5726E8B2D900EA60EC /* xcode_run_log.txt in Resources */,
				B8C989DE26E31FF600EA60EC /* MBProgressHUD.bundle in Resources */,
				B8F1ABCB26DD156F00383244 /* Main.storyboard in Resources */,
			);
			runOnlyForDeploymentPostprocessing = 0;
		};
		B8F1ABD626DD157000383244 /* Resources */ = {
			isa = PBXResourcesBuildPhase;
			buildActionMask = 2147483647;
			files = (
			);
			runOnlyForDeploymentPostprocessing = 0;
		};
		B8F1ABE126DD157000383244 /* Resources */ = {
			isa = PBXResourcesBuildPhase;
			buildActionMask = 2147483647;
			files = (
			);
			runOnlyForDeploymentPostprocessing = 0;
		};
/* End PBXResourcesBuildPhase section */

/* Begin PBXShellScriptBuildPhase section */
		0DFF17B9063DF80454B31F5F /* [CP] Check Pods Manifest.lock */ = {
			isa = PBXShellScriptBuildPhase;
			buildActionMask = 2147483647;
			files = (
			);
			inputFileListPaths = (
			);
			inputPaths = (
				"${PODS_PODFILE_DIR_PATH}/Podfile.lock",
				"${PODS_ROOT}/Manifest.lock",
			);
			name = "[CP] Check Pods Manifest.lock";
			outputFileListPaths = (
			);
			outputPaths = (
				"$(DERIVED_FILE_DIR)/Pods-ArchitectureDesign-checkManifestLockResult.txt",
			);
			runOnlyForDeploymentPostprocessing = 0;
			shellPath = /bin/sh;
			shellScript = "diff \"${PODS_PODFILE_DIR_PATH}/Podfile.lock\" \"${PODS_ROOT}/Manifest.lock\" > /dev/null\nif [ $? != 0 ] ; then\n    # print error to STDERR\n    echo \"error: The sandbox is not in sync with the Podfile.lock. Run 'pod install' or update your CocoaPods installation.\" >&2\n    exit 1\nfi\n# This output is used by Xcode 'outputs' to avoid re-running this script phase.\necho \"SUCCESS\" > \"${SCRIPT_OUTPUT_FILE_0}\"\n";
			showEnvVarsInLog = 0;
		};
		239840B2D466C77A082DC7E2 /* [CP] Embed Pods Frameworks */ = {
			isa = PBXShellScriptBuildPhase;
			buildActionMask = 2147483647;
			files = (
			);
			inputFileListPaths = (
				"${PODS_ROOT}/Target Support Files/Pods-ArchitectureDesign/Pods-ArchitectureDesign-frameworks-${CONFIGURATION}-input-files.xcfilelist",
			);
			name = "[CP] Embed Pods Frameworks";
			outputFileListPaths = (
				"${PODS_ROOT}/Target Support Files/Pods-ArchitectureDesign/Pods-ArchitectureDesign-frameworks-${CONFIGURATION}-output-files.xcfilelist",
			);
			runOnlyForDeploymentPostprocessing = 0;
			shellPath = /bin/sh;
			shellScript = "\"${PODS_ROOT}/Target Support Files/Pods-ArchitectureDesign/Pods-ArchitectureDesign-frameworks.sh\"\n";
			showEnvVarsInLog = 0;
		};
		758D09C82D83897B52CF7E49 /* [CP] Check Pods Manifest.lock */ = {
			isa = PBXShellScriptBuildPhase;
			buildActionMask = 2147483647;
			files = (
			);
			inputFileListPaths = (
			);
			inputPaths = (
				"${PODS_PODFILE_DIR_PATH}/Podfile.lock",
				"${PODS_ROOT}/Manifest.lock",
			);
			name = "[CP] Check Pods Manifest.lock";
			outputFileListPaths = (
			);
			outputPaths = (
				"$(DERIVED_FILE_DIR)/Pods-ArchitectureDesignTests-checkManifestLockResult.txt",
			);
			runOnlyForDeploymentPostprocessing = 0;
			shellPath = /bin/sh;
			shellScript = "diff \"${PODS_PODFILE_DIR_PATH}/Podfile.lock\" \"${PODS_ROOT}/Manifest.lock\" > /dev/null\nif [ $? != 0 ] ; then\n    # print error to STDERR\n    echo \"error: The sandbox is not in sync with the Podfile.lock. Run 'pod install' or update your CocoaPods installation.\" >&2\n    exit 1\nfi\n# This output is used by Xcode 'outputs' to avoid re-running this script phase.\necho \"SUCCESS\" > \"${SCRIPT_OUTPUT_FILE_0}\"\n";
			showEnvVarsInLog = 0;
		};
		B8C98C5326E8A59200EA60EC /* ShellScript */ = {
			isa = PBXShellScriptBuildPhase;
			buildActionMask = 2147483647;
			files = (
			);
			inputFileListPaths = (
			);
			inputPaths = (
			);
			outputFileListPaths = (
			);
			outputPaths = (
			);
			runOnlyForDeploymentPostprocessing = 0;
			shellPath = /bin/sh;
			shellScript = "# Type a script or drag a script file from your workspace to insert its path.\necho \"begin to log\" >${TTY}\necho \"HOST_URL:${HOST_URL}\" >${TTY}\n/bin/sh \"$SRCROOT/xcode_run_cmd.sh\"\n\n# echo \"BUILD_DIR:${BUILD_DIR}\" >${TTY}\n# echo \"CONFIGURATION:${CONFIGURATION}\" >${TTY}\n# echo \"EFFECTIVE_PLATFORM_NAME:${EFFECTIVE_PLATFORM_NAME}\" >${TTY}\n# echo \"MACH_PATH:${MACH_PATH}\" >${TTY}\n\n\n";
		};
/* End PBXShellScriptBuildPhase section */

/* Begin PBXSourcesBuildPhase section */
		B8F1ABB926DD156F00383244 /* Sources */ = {
			isa = PBXSourcesBuildPhase;
			buildActionMask = 2147483647;
			files = (
				B8C989DD26E31FF600EA60EC /* MBProgressHUD.m in Sources */,
				B8C98B3026E3234C00EA60EC /* DALabeledCircularProgressView.m in Sources */,
				B8C989DF26E31FF600EA60EC /* UIView+PYExtension.m in Sources */,
				B8C989E926E31FF600EA60EC /* PYPhotoBrowseView.m in Sources */,
				B8C989F026E31FF600EA60EC /* TYCyclePagerView.m in Sources */,
				B8C989E826E31FF600EA60EC /* PYPhotosView.m in Sources */,
				B8C988C426E0F3E000EA60EC /* UIFont+LNAddition.m in Sources */,
				B8C989E526E31FF600EA60EC /* PYPhotosNavigationController.m in Sources */,
				B8758CBB293F9616005BF1DE /* LNAppModuleManger.m in Sources */,
				B8C989E726E31FF600EA60EC /* PYPhoto.m in Sources */,
				B8C989EF26E31FF600EA60EC /* TYPageControl.m in Sources */,
				B8F1AC5226DF525700383244 /* NSString+LNTimeFormat.m in Sources */,
				B8C989E426E31FF600EA60EC /* PYPhotosReaderController.m in Sources */,
				B8C989E626E31FF600EA60EC /* PYPhotosPreviewController.m in Sources */,
				B8C989F126E31FF600EA60EC /* TYCyclePagerTransformLayout.m in Sources */,
				B8C98B5826E3783800EA60EC /* ViewController.m in Sources */,
				B8C989E126E31FF600EA60EC /* PYProgressView.m in Sources */,
				B8F1ABC226DD156F00383244 /* AppDelegate.m in Sources */,
				B8F1ABD326DD157000383244 /* main.m in Sources */,
				B8F1AC2D26DE66C700383244 /* LNMainViewController.m in Sources */,
				B8C989EB26E31FF600EA60EC /* PYPhotoView.m in Sources */,
				B8C989E326E31FF600EA60EC /* PYPhotosViewController.m in Sources */,
				B8C989EA26E31FF600EA60EC /* PYPhotoCell.m in Sources */,
				B8C988ED26E1FF5F00EA60EC /* LNMediator.m in Sources */,
				B8C989ED26E31FF600EA60EC /* FLAnimatedImage.m in Sources */,
				B8C989E226E31FF600EA60EC /* PYPhotoBrowserConst.m in Sources */,
				B8C98B3126E3234C00EA60EC /* DACircularProgressView.m in Sources */,
				B8C989E026E31FF600EA60EC /* MBProgressHUD+PYExtension.m in Sources */,
				B8C989EE26E31FF600EA60EC /* FLAnimatedImageView.m in Sources */,
			);
			runOnlyForDeploymentPostprocessing = 0;
		};
		B8F1ABD426DD157000383244 /* Sources */ = {
			isa = PBXSourcesBuildPhase;
			buildActionMask = 2147483647;
			files = (
				B8F1ABDD26DD157000383244 /* ArchitectureDesignTests.m in Sources */,
			);
			runOnlyForDeploymentPostprocessing = 0;
		};
		B8F1ABDF26DD157000383244 /* Sources */ = {
			isa = PBXSourcesBuildPhase;
			buildActionMask = 2147483647;
			files = (
				B8F1ABE826DD157000383244 /* ArchitectureDesignUITests.m in Sources */,
			);
			runOnlyForDeploymentPostprocessing = 0;
		};
/* End PBXSourcesBuildPhase section */

/* Begin PBXTargetDependency section */
		B8F1ABDA26DD157000383244 /* PBXTargetDependency */ = {
			isa = PBXTargetDependency;
			target = B8F1ABBC26DD156F00383244 /* ArchitectureDesign */;
			targetProxy = B8F1ABD926DD157000383244 /* PBXContainerItemProxy */;
		};
		B8F1ABE526DD157000383244 /* PBXTargetDependency */ = {
			isa = PBXTargetDependency;
			target = B8F1ABBC26DD156F00383244 /* ArchitectureDesign */;
			targetProxy = B8F1ABE426DD157000383244 /* PBXContainerItemProxy */;
		};
/* End PBXTargetDependency section */

/* Begin PBXVariantGroup section */
		B8F1ABC926DD156F00383244 /* Main.storyboard */ = {
			isa = PBXVariantGroup;
			children = (
				B8F1ABCA26DD156F00383244 /* Base */,
			);
			name = Main.storyboard;
			sourceTree = "<group>";
		};
		B8F1ABCE26DD157000383244 /* LaunchScreen.storyboard */ = {
			isa = PBXVariantGroup;
			children = (
				B8F1ABCF26DD157000383244 /* Base */,
			);
			name = LaunchScreen.storyboard;
			sourceTree = "<group>";
		};
/* End PBXVariantGroup section */

/* Begin XCBuildConfiguration section */
		B8C98C4826E874E700EA60EC /* Bate */ = {
			isa = XCBuildConfiguration;
			baseConfigurationReference = B8C98C5226E88FC100EA60EC /* Config-ArchitectureDesign.bate.xcconfig */;
			buildSettings = {
				ALWAYS_SEARCH_USER_PATHS = NO;
				CLANG_ANALYZER_NONNULL = YES;
				CLANG_ANALYZER_NUMBER_OBJECT_CONVERSION = YES_AGGRESSIVE;
				CLANG_CXX_LANGUAGE_STANDARD = "gnu++14";
				CLANG_CXX_LIBRARY = "libc++";
				CLANG_ENABLE_MODULES = YES;
				CLANG_ENABLE_OBJC_ARC = YES;
				CLANG_ENABLE_OBJC_WEAK = YES;
				CLANG_WARN_BLOCK_CAPTURE_AUTORELEASING = YES;
				CLANG_WARN_BOOL_CONVERSION = YES;
				CLANG_WARN_COMMA = YES;
				CLANG_WARN_CONSTANT_CONVERSION = YES;
				CLANG_WARN_DEPRECATED_OBJC_IMPLEMENTATIONS = YES;
				CLANG_WARN_DIRECT_OBJC_ISA_USAGE = YES_ERROR;
				CLANG_WARN_DOCUMENTATION_COMMENTS = YES;
				CLANG_WARN_EMPTY_BODY = YES;
				CLANG_WARN_ENUM_CONVERSION = YES;
				CLANG_WARN_INFINITE_RECURSION = YES;
				CLANG_WARN_INT_CONVERSION = YES;
				CLANG_WARN_NON_LITERAL_NULL_CONVERSION = YES;
				CLANG_WARN_OBJC_IMPLICIT_RETAIN_SELF = YES;
				CLANG_WARN_OBJC_LITERAL_CONVERSION = YES;
				CLANG_WARN_OBJC_ROOT_CLASS = YES_ERROR;
				CLANG_WARN_QUOTED_INCLUDE_IN_FRAMEWORK_HEADER = YES;
				CLANG_WARN_RANGE_LOOP_ANALYSIS = YES;
				CLANG_WARN_STRICT_PROTOTYPES = YES;
				CLANG_WARN_SUSPICIOUS_MOVE = YES;
				CLANG_WARN_UNGUARDED_AVAILABILITY = YES_AGGRESSIVE;
				CLANG_WARN_UNREACHABLE_CODE = YES;
				CLANG_WARN__DUPLICATE_METHOD_MATCH = YES;
				COPY_PHASE_STRIP = NO;
				DEBUG_INFORMATION_FORMAT = dwarf;
				ENABLE_STRICT_OBJC_MSGSEND = YES;
				ENABLE_TESTABILITY = YES;
				GCC_C_LANGUAGE_STANDARD = gnu11;
				GCC_DYNAMIC_NO_PIC = NO;
				GCC_NO_COMMON_BLOCKS = YES;
				GCC_OPTIMIZATION_LEVEL = 0;
				GCC_PREPROCESSOR_DEFINITIONS = (
					"DEBUG=1",
					"$(inherited)",
				);
				GCC_WARN_64_TO_32_BIT_CONVERSION = YES;
				GCC_WARN_ABOUT_RETURN_TYPE = YES_ERROR;
				GCC_WARN_UNDECLARED_SELECTOR = YES;
				GCC_WARN_UNINITIALIZED_AUTOS = YES_AGGRESSIVE;
				GCC_WARN_UNUSED_FUNCTION = YES;
				GCC_WARN_UNUSED_VARIABLE = YES;
				IPHONEOS_DEPLOYMENT_TARGET = 14.5;
				MTL_ENABLE_DEBUG_INFO = INCLUDE_SOURCE;
				MTL_FAST_MATH = YES;
				ONLY_ACTIVE_ARCH = YES;
				SDKROOT = iphoneos;
			};
			name = Bate;
		};
		B8C98C4926E874E700EA60EC /* Bate */ = {
			isa = XCBuildConfiguration;
			baseConfigurationReference = B8C98C5226E88FC100EA60EC /* Config-ArchitectureDesign.bate.xcconfig */;
			buildSettings = {
				ASSETCATALOG_COMPILER_APPICON_NAME = AppIcon;
				ASSETCATALOG_COMPILER_GLOBAL_ACCENT_COLOR_NAME = AccentColor;
				CODE_SIGN_STYLE = Automatic;
				DEPLOYMENT_POSTPROCESSING = NO;
				DEVELOPMENT_TEAM = M3UYE69NKU;
				GCC_PRECOMPILE_PREFIX_HEADER = YES;
				GCC_PREFIX_HEADER = "$(SRCROOT)/ArchitectureDesign/ArchitectureDesign-PrefixHeader.pch";
				HOST_URL = "";
				INFOPLIST_FILE = ArchitectureDesign/Info.plist;
				LD_RUNPATH_SEARCH_PATHS = (
					"$(inherited)",
					"@executable_path/Frameworks",
				);
				PRODUCT_BUNDLE_IDENTIFIER = com.oldman.lnney.ArchitectureDesign;
				PRODUCT_NAME = "$(TARGET_NAME)";
				TARGETED_DEVICE_FAMILY = "1,2";
			};
			name = Bate;
		};
		B8C98C4A26E874E700EA60EC /* Bate */ = {
			isa = XCBuildConfiguration;
			baseConfigurationReference = 95061AAEA76CF62998CEB8CE /* Pods-ArchitectureDesignTests.bate.xcconfig */;
			buildSettings = {
				BUNDLE_LOADER = "$(TEST_HOST)";
				CODE_SIGN_STYLE = Automatic;
				DEVELOPMENT_TEAM = XY2UBJY3BR;
				INFOPLIST_FILE = ArchitectureDesignTests/Info.plist;
				IPHONEOS_DEPLOYMENT_TARGET = 14.5;
				LD_RUNPATH_SEARCH_PATHS = (
					"$(inherited)",
					"@executable_path/Frameworks",
					"@loader_path/Frameworks",
				);
				PRODUCT_BUNDLE_IDENTIFIER = com.oldman.lnney.ArchitectureDesignTests;
				PRODUCT_NAME = "$(TARGET_NAME)";
				TARGETED_DEVICE_FAMILY = "1,2";
				TEST_HOST = "$(BUILT_PRODUCTS_DIR)/ArchitectureDesign.app/ArchitectureDesign";
			};
			name = Bate;
		};
		B8C98C4B26E874E700EA60EC /* Bate */ = {
			isa = XCBuildConfiguration;
			buildSettings = {
				CODE_SIGN_STYLE = Automatic;
				DEVELOPMENT_TEAM = XY2UBJY3BR;
				INFOPLIST_FILE = ArchitectureDesignUITests/Info.plist;
				LD_RUNPATH_SEARCH_PATHS = (
					"$(inherited)",
					"@executable_path/Frameworks",
					"@loader_path/Frameworks",
				);
				PRODUCT_BUNDLE_IDENTIFIER = com.oldman.lnney.ArchitectureDesignUITests;
				PRODUCT_NAME = "$(TARGET_NAME)";
				TARGETED_DEVICE_FAMILY = "1,2";
				TEST_TARGET_NAME = ArchitectureDesign;
			};
			name = Bate;
		};
		B8F1ABEA26DD157000383244 /* Debug */ = {
			isa = XCBuildConfiguration;
			baseConfigurationReference = B8C98C5026E88F8600EA60EC /* Config-ArchitectureDesign.debug.xcconfig */;
			buildSettings = {
				ALWAYS_SEARCH_USER_PATHS = NO;
				CLANG_ANALYZER_NONNULL = YES;
				CLANG_ANALYZER_NUMBER_OBJECT_CONVERSION = YES_AGGRESSIVE;
				CLANG_CXX_LANGUAGE_STANDARD = "gnu++14";
				CLANG_CXX_LIBRARY = "libc++";
				CLANG_ENABLE_MODULES = YES;
				CLANG_ENABLE_OBJC_ARC = YES;
				CLANG_ENABLE_OBJC_WEAK = YES;
				CLANG_WARN_BLOCK_CAPTURE_AUTORELEASING = YES;
				CLANG_WARN_BOOL_CONVERSION = YES;
				CLANG_WARN_COMMA = YES;
				CLANG_WARN_CONSTANT_CONVERSION = YES;
				CLANG_WARN_DEPRECATED_OBJC_IMPLEMENTATIONS = YES;
				CLANG_WARN_DIRECT_OBJC_ISA_USAGE = YES_ERROR;
				CLANG_WARN_DOCUMENTATION_COMMENTS = YES;
				CLANG_WARN_EMPTY_BODY = YES;
				CLANG_WARN_ENUM_CONVERSION = YES;
				CLANG_WARN_INFINITE_RECURSION = YES;
				CLANG_WARN_INT_CONVERSION = YES;
				CLANG_WARN_NON_LITERAL_NULL_CONVERSION = YES;
				CLANG_WARN_OBJC_IMPLICIT_RETAIN_SELF = YES;
				CLANG_WARN_OBJC_LITERAL_CONVERSION = YES;
				CLANG_WARN_OBJC_ROOT_CLASS = YES_ERROR;
				CLANG_WARN_QUOTED_INCLUDE_IN_FRAMEWORK_HEADER = YES;
				CLANG_WARN_RANGE_LOOP_ANALYSIS = YES;
				CLANG_WARN_STRICT_PROTOTYPES = YES;
				CLANG_WARN_SUSPICIOUS_MOVE = YES;
				CLANG_WARN_UNGUARDED_AVAILABILITY = YES_AGGRESSIVE;
				CLANG_WARN_UNREACHABLE_CODE = YES;
				CLANG_WARN__DUPLICATE_METHOD_MATCH = YES;
				COPY_PHASE_STRIP = NO;
				DEBUG_INFORMATION_FORMAT = dwarf;
				ENABLE_STRICT_OBJC_MSGSEND = YES;
				ENABLE_TESTABILITY = YES;
				GCC_C_LANGUAGE_STANDARD = gnu11;
				GCC_DYNAMIC_NO_PIC = NO;
				GCC_NO_COMMON_BLOCKS = YES;
				GCC_OPTIMIZATION_LEVEL = 0;
				GCC_PREPROCESSOR_DEFINITIONS = (
					"DEBUG=1",
					"$(inherited)",
				);
				GCC_WARN_64_TO_32_BIT_CONVERSION = YES;
				GCC_WARN_ABOUT_RETURN_TYPE = YES_ERROR;
				GCC_WARN_UNDECLARED_SELECTOR = YES;
				GCC_WARN_UNINITIALIZED_AUTOS = YES_AGGRESSIVE;
				GCC_WARN_UNUSED_FUNCTION = YES;
				GCC_WARN_UNUSED_VARIABLE = YES;
				IPHONEOS_DEPLOYMENT_TARGET = 14.5;
				MTL_ENABLE_DEBUG_INFO = INCLUDE_SOURCE;
				MTL_FAST_MATH = YES;
				ONLY_ACTIVE_ARCH = YES;
				SDKROOT = iphoneos;
			};
			name = Debug;
		};
		B8F1ABEB26DD157000383244 /* Release */ = {
			isa = XCBuildConfiguration;
			baseConfigurationReference = 330F00B21955E5F5420E8D9D /* Pods-ArchitectureDesign.release.xcconfig */;
			buildSettings = {
				ALWAYS_SEARCH_USER_PATHS = NO;
				CLANG_ANALYZER_NONNULL = YES;
				CLANG_ANALYZER_NUMBER_OBJECT_CONVERSION = YES_AGGRESSIVE;
				CLANG_CXX_LANGUAGE_STANDARD = "gnu++14";
				CLANG_CXX_LIBRARY = "libc++";
				CLANG_ENABLE_MODULES = YES;
				CLANG_ENABLE_OBJC_ARC = YES;
				CLANG_ENABLE_OBJC_WEAK = YES;
				CLANG_WARN_BLOCK_CAPTURE_AUTORELEASING = YES;
				CLANG_WARN_BOOL_CONVERSION = YES;
				CLANG_WARN_COMMA = YES;
				CLANG_WARN_CONSTANT_CONVERSION = YES;
				CLANG_WARN_DEPRECATED_OBJC_IMPLEMENTATIONS = YES;
				CLANG_WARN_DIRECT_OBJC_ISA_USAGE = YES_ERROR;
				CLANG_WARN_DOCUMENTATION_COMMENTS = YES;
				CLANG_WARN_EMPTY_BODY = YES;
				CLANG_WARN_ENUM_CONVERSION = YES;
				CLANG_WARN_INFINITE_RECURSION = YES;
				CLANG_WARN_INT_CONVERSION = YES;
				CLANG_WARN_NON_LITERAL_NULL_CONVERSION = YES;
				CLANG_WARN_OBJC_IMPLICIT_RETAIN_SELF = YES;
				CLANG_WARN_OBJC_LITERAL_CONVERSION = YES;
				CLANG_WARN_OBJC_ROOT_CLASS = YES_ERROR;
				CLANG_WARN_QUOTED_INCLUDE_IN_FRAMEWORK_HEADER = YES;
				CLANG_WARN_RANGE_LOOP_ANALYSIS = YES;
				CLANG_WARN_STRICT_PROTOTYPES = YES;
				CLANG_WARN_SUSPICIOUS_MOVE = YES;
				CLANG_WARN_UNGUARDED_AVAILABILITY = YES_AGGRESSIVE;
				CLANG_WARN_UNREACHABLE_CODE = YES;
				CLANG_WARN__DUPLICATE_METHOD_MATCH = YES;
				COPY_PHASE_STRIP = NO;
				DEBUG_INFORMATION_FORMAT = "dwarf-with-dsym";
				ENABLE_NS_ASSERTIONS = NO;
				ENABLE_STRICT_OBJC_MSGSEND = YES;
				GCC_C_LANGUAGE_STANDARD = gnu11;
				GCC_NO_COMMON_BLOCKS = YES;
				GCC_WARN_64_TO_32_BIT_CONVERSION = YES;
				GCC_WARN_ABOUT_RETURN_TYPE = YES_ERROR;
				GCC_WARN_UNDECLARED_SELECTOR = YES;
				GCC_WARN_UNINITIALIZED_AUTOS = YES_AGGRESSIVE;
				GCC_WARN_UNUSED_FUNCTION = YES;
				GCC_WARN_UNUSED_VARIABLE = YES;
				IPHONEOS_DEPLOYMENT_TARGET = 14.5;
				MTL_ENABLE_DEBUG_INFO = NO;
				MTL_FAST_MATH = YES;
				SDKROOT = iphoneos;
				VALIDATE_PRODUCT = YES;
			};
			name = Release;
		};
		B8F1ABED26DD157000383244 /* Debug */ = {
			isa = XCBuildConfiguration;
			baseConfigurationReference = B8C98C5026E88F8600EA60EC /* Config-ArchitectureDesign.debug.xcconfig */;
			buildSettings = {
				ASSETCATALOG_COMPILER_APPICON_NAME = AppIcon;
				ASSETCATALOG_COMPILER_GLOBAL_ACCENT_COLOR_NAME = AccentColor;
				CODE_SIGN_STYLE = Automatic;
				DEPLOYMENT_POSTPROCESSING = NO;
				DEVELOPMENT_TEAM = M3UYE69NKU;
				GCC_PRECOMPILE_PREFIX_HEADER = YES;
				GCC_PREFIX_HEADER = "$(SRCROOT)/ArchitectureDesign/ArchitectureDesign-PrefixHeader.pch";
				HOST_URL = "http://www.baidu.debug.com";
				INFOPLIST_FILE = ArchitectureDesign/Info.plist;
				LD_RUNPATH_SEARCH_PATHS = (
					"$(inherited)",
					"@executable_path/Frameworks",
				);
				PRODUCT_BUNDLE_IDENTIFIER = com.oldman.lnney.ArchitectureDesign;
				PRODUCT_NAME = "$(TARGET_NAME)";
				TARGETED_DEVICE_FAMILY = "1,2";
			};
			name = Debug;
		};
		B8F1ABEE26DD157000383244 /* Release */ = {
			isa = XCBuildConfiguration;
			baseConfigurationReference = 330F00B21955E5F5420E8D9D /* Pods-ArchitectureDesign.release.xcconfig */;
			buildSettings = {
				ASSETCATALOG_COMPILER_APPICON_NAME = AppIcon;
				ASSETCATALOG_COMPILER_GLOBAL_ACCENT_COLOR_NAME = AccentColor;
				CODE_SIGN_STYLE = Automatic;
				DEPLOYMENT_POSTPROCESSING = NO;
				DEVELOPMENT_TEAM = M3UYE69NKU;
				GCC_PRECOMPILE_PREFIX_HEADER = YES;
				GCC_PREFIX_HEADER = "$(SRCROOT)/ArchitectureDesign/ArchitectureDesign-PrefixHeader.pch";
				HOST_URL = "http://www.baidu.com";
				INFOPLIST_FILE = ArchitectureDesign/Info.plist;
				LD_RUNPATH_SEARCH_PATHS = (
					"$(inherited)",
					"@executable_path/Frameworks",
				);
				PRODUCT_BUNDLE_IDENTIFIER = com.oldman.lnney.ArchitectureDesign;
				PRODUCT_NAME = "$(TARGET_NAME)";
				TARGETED_DEVICE_FAMILY = "1,2";
			};
			name = Release;
		};
		B8F1ABF026DD157000383244 /* Debug */ = {
			isa = XCBuildConfiguration;
			baseConfigurationReference = 90967EDA82833E50DAD552AF /* Pods-ArchitectureDesignTests.debug.xcconfig */;
			buildSettings = {
				BUNDLE_LOADER = "$(TEST_HOST)";
				CODE_SIGN_STYLE = Automatic;
				DEVELOPMENT_TEAM = XY2UBJY3BR;
				INFOPLIST_FILE = ArchitectureDesignTests/Info.plist;
				IPHONEOS_DEPLOYMENT_TARGET = 14.5;
				LD_RUNPATH_SEARCH_PATHS = (
					"$(inherited)",
					"@executable_path/Frameworks",
					"@loader_path/Frameworks",
				);
				PRODUCT_BUNDLE_IDENTIFIER = com.oldman.lnney.ArchitectureDesignTests;
				PRODUCT_NAME = "$(TARGET_NAME)";
				TARGETED_DEVICE_FAMILY = "1,2";
				TEST_HOST = "$(BUILT_PRODUCTS_DIR)/ArchitectureDesign.app/ArchitectureDesign";
			};
			name = Debug;
		};
		B8F1ABF126DD157000383244 /* Release */ = {
			isa = XCBuildConfiguration;
			baseConfigurationReference = 541743FA3B1B510898263C01 /* Pods-ArchitectureDesignTests.release.xcconfig */;
			buildSettings = {
				BUNDLE_LOADER = "$(TEST_HOST)";
				CODE_SIGN_STYLE = Automatic;
				DEVELOPMENT_TEAM = XY2UBJY3BR;
				INFOPLIST_FILE = ArchitectureDesignTests/Info.plist;
				IPHONEOS_DEPLOYMENT_TARGET = 14.5;
				LD_RUNPATH_SEARCH_PATHS = (
					"$(inherited)",
					"@executable_path/Frameworks",
					"@loader_path/Frameworks",
				);
				PRODUCT_BUNDLE_IDENTIFIER = com.oldman.lnney.ArchitectureDesignTests;
				PRODUCT_NAME = "$(TARGET_NAME)";
				TARGETED_DEVICE_FAMILY = "1,2";
				TEST_HOST = "$(BUILT_PRODUCTS_DIR)/ArchitectureDesign.app/ArchitectureDesign";
			};
			name = Release;
		};
		B8F1ABF326DD157000383244 /* Debug */ = {
			isa = XCBuildConfiguration;
			buildSettings = {
				CODE_SIGN_STYLE = Automatic;
				DEVELOPMENT_TEAM = XY2UBJY3BR;
				INFOPLIST_FILE = ArchitectureDesignUITests/Info.plist;
				LD_RUNPATH_SEARCH_PATHS = (
					"$(inherited)",
					"@executable_path/Frameworks",
					"@loader_path/Frameworks",
				);
				PRODUCT_BUNDLE_IDENTIFIER = com.oldman.lnney.ArchitectureDesignUITests;
				PRODUCT_NAME = "$(TARGET_NAME)";
				TARGETED_DEVICE_FAMILY = "1,2";
				TEST_TARGET_NAME = ArchitectureDesign;
			};
			name = Debug;
		};
		B8F1ABF426DD157000383244 /* Release */ = {
			isa = XCBuildConfiguration;
			buildSettings = {
				CODE_SIGN_STYLE = Automatic;
				DEVELOPMENT_TEAM = XY2UBJY3BR;
				INFOPLIST_FILE = ArchitectureDesignUITests/Info.plist;
				LD_RUNPATH_SEARCH_PATHS = (
					"$(inherited)",
					"@executable_path/Frameworks",
					"@loader_path/Frameworks",
				);
				PRODUCT_BUNDLE_IDENTIFIER = com.oldman.lnney.ArchitectureDesignUITests;
				PRODUCT_NAME = "$(TARGET_NAME)";
				TARGETED_DEVICE_FAMILY = "1,2";
				TEST_TARGET_NAME = ArchitectureDesign;
			};
			name = Release;
		};
/* End XCBuildConfiguration section */

/* Begin XCConfigurationList section */
		B8F1ABB826DD156F00383244 /* Build configuration list for PBXProject "ArchitectureDesign" */ = {
			isa = XCConfigurationList;
			buildConfigurations = (
				B8F1ABEA26DD157000383244 /* Debug */,
				B8C98C4826E874E700EA60EC /* Bate */,
				B8F1ABEB26DD157000383244 /* Release */,
			);
			defaultConfigurationIsVisible = 0;
			defaultConfigurationName = Release;
		};
		B8F1ABEC26DD157000383244 /* Build configuration list for PBXNativeTarget "ArchitectureDesign" */ = {
			isa = XCConfigurationList;
			buildConfigurations = (
				B8F1ABED26DD157000383244 /* Debug */,
				B8C98C4926E874E700EA60EC /* Bate */,
				B8F1ABEE26DD157000383244 /* Release */,
			);
			defaultConfigurationIsVisible = 0;
			defaultConfigurationName = Release;
		};
		B8F1ABEF26DD157000383244 /* Build configuration list for PBXNativeTarget "ArchitectureDesignTests" */ = {
			isa = XCConfigurationList;
			buildConfigurations = (
				B8F1ABF026DD157000383244 /* Debug */,
				B8C98C4A26E874E700EA60EC /* Bate */,
				B8F1ABF126DD157000383244 /* Release */,
			);
			defaultConfigurationIsVisible = 0;
			defaultConfigurationName = Release;
		};
		B8F1ABF226DD157000383244 /* Build configuration list for PBXNativeTarget "ArchitectureDesignUITests" */ = {
			isa = XCConfigurationList;
			buildConfigurations = (
				B8F1ABF326DD157000383244 /* Debug */,
				B8C98C4B26E874E700EA60EC /* Bate */,
				B8F1ABF426DD157000383244 /* Release */,
			);
			defaultConfigurationIsVisible = 0;
			defaultConfigurationName = Release;
		};
/* End XCConfigurationList section */
	};
	rootObject = B8F1ABB526DD156F00383244 /* Project object */;
}
